
Microsoft Visual Studio Solution File, Format Version 12.00
# Visual Studio Version 17
VisualStudioVersion = 17.4.33213.308
MinimumVisualStudioVersion = 10.0.40219.1
Project("{FAE04EC0-301F-11D3-BF4B-00C04F79EFBC}") = "TestDrivenDev", "TestDrivenDev\TestDrivenDev.csproj", "{35DF6E40-3EF4-4970-AF6D-AE097CE045D9}"
EndProject
Project("{FAE04EC0-301F-11D3-BF4B-00C04F79EFBC}") = "Tests", "Tests\Tests.csproj", "{781DF384-C5D1-4BE0-BB2E-4AF15E26A47B}"
EndProject
Global
	GlobalSection(SolutionConfigurationPlatforms) = preSolution
		Debug|Any CPU = Debug|Any CPU
		Release|Any CPU = Release|Any CPU
	EndGlobalSection
	GlobalSection(ProjectConfigurationPlatforms) = postSolution
		{35DF6E40-3EF4-4970-AF6D-AE097CE045D9}.Debug|Any CPU.ActiveCfg = Debug|Any CPU
		{35DF6E40-3EF4-4970-AF6D-AE097CE045D9}.Debug|Any CPU.Build.0 = Debug|Any CPU
		{35DF6E40-3EF4-4970-AF6D-AE097CE045D9}.Release|Any CPU.ActiveCfg = Release|Any CPU
		{35DF6E40-3EF4-4970-AF6D-AE097CE045D9}.Release|Any CPU.Build.0 = Release|Any CPU
		{781DF384-C5D1-4BE0-BB2E-4AF15E26A47B}.Debug|Any CPU.ActiveCfg = Debug|Any CPU
		{781DF384-C5D1-4BE0-BB2E-4AF15E26A47B}.Debug|Any CPU.Build.0 = Debug|Any CPU
		{781DF384-C5D1-4BE0-BB2E-4AF15E26A47B}.Release|Any CPU.ActiveCfg = Release|Any CPU
		{781DF384-C5D1-4BE0-BB2E-4AF15E26A47B}.Release|Any CPU.Build.0 = Release|Any CPU
	EndGlobalSection
	GlobalSection(SolutionProperties) = preSolution
		HideSolutionNode = FALSE
	EndGlobalSection
	GlobalSection(ExtensibilityGlobals) = postSolution
		SolutionGuid = {26D06F46-19FE-45BF-B23B-31144564006E}
	EndGlobalSection
EndGlobal
